
Microsoft Visual Studio Solution File, Format Version 12.00
# Visual Studio Version 17
VisualStudioVersion = 17.5.002.0
MinimumVisualStudioVersion = 10.0.40219.1
Project("{9A19103F-16F7-4668-BE54-9A1E7A4F7556}") = "Zuul", "Zuul.csproj", "{73F20900-38F6-4AA4-95A8-24F45A730970}"
EndProject
Global
	GlobalSection(SolutionConfigurationPlatforms) = preSolution
		Debug|Any CPU = Debug|Any CPU
		Release|Any CPU = Release|Any CPU
	EndGlobalSection
	GlobalSection(ProjectConfigurationPlatforms) = postSolution
		{73F20900-38F6-4AA4-95A8-24F45A730970}.Debug|Any CPU.ActiveCfg = Debug|Any CPU
		{73F20900-38F6-4AA4-95A8-24F45A730970}.Debug|Any CPU.Build.0 = Debug|Any CPU
		{73F20900-38F6-4AA4-95A8-24F45A730970}.Release|Any CPU.ActiveCfg = Release|Any CPU
		{73F20900-38F6-4AA4-95A8-24F45A730970}.Release|Any CPU.Build.0 = Release|Any CPU
	EndGlobalSection
	GlobalSection(SolutionProperties) = preSolution
		HideSolutionNode = FALSE
	EndGlobalSection
	GlobalSection(ExtensibilityGlobals) = postSolution
		SolutionGuid = {0B4CC829-A09B-4DAF-87D9-7853E9AC78BA}
	EndGlobalSection
EndGlobal
